{
  "lib/forge-std": {
    "branch": {
      "name": "master",
      "rev": "9aaeaf43602210beecf85137271a2f7c5c1f0975"
    }
  },
  "lib/p256-verifier": {
    "branch": {
      "name": "master",
      "rev": "607d3ec8377a3f59d65eca60d87dee8485d2ebcc"
    }
  },
  "lib/snekmate": {
    "branch": {
      "name": "main",
      "rev": "6e17aeeb9d6e71d50937bfb313f9e5e2152dec81"
    }
  }
}