{
  "lib/forge-std": {
    "branch": {
      "name": "master",
      "rev": "04ee608913e6c334973649b2b1a2976260647c1b"
    }
  },
  "lib/p256-verifier": {
    "branch": {
      "name": "master",
      "rev": "607d3ec8377a3f59d65eca60d87dee8485d2ebcc"
    }
  },
  "lib/snekmate": {
    "branch": {
      "name": "main",
      "rev": "d39e5f52a0e41c84135aa4f49fa82ce8f89b0378"
    }
  }
}